
Microsoft Visual Studio Solution File, Format Version 12.00
# Visual Studio 15
VisualStudioVersion = 15.0.28307.438
MinimumVisualStudioVersion = 10.0.40219.1
Project("{9A19103F-16F7-4668-BE54-9A1E7A4F7556}") = "BuyOrNot", "ConsoleApp1\BuyOrNot.csproj", "{3E030F89-F3B8-4689-AF2E-0B8FDB3982D0}"
EndProject
Project("{FAE04EC0-301F-11D3-BF4B-00C04F79EFBC}") = "Discord_win", "Discord_win\Discord_win.csproj", "{6C6C3A3B-168B-4E27-A6E4-153EC3E7DF64}"
EndProject
Project("{FAE04EC0-301F-11D3-BF4B-00C04F79EFBC}") = "WpfApp1", "WpfApp1\WpfApp1.csproj", "{943D7BEB-A22E-475A-9B07-7BD9F5E1C025}"
EndProject
Global
	GlobalSection(SolutionConfigurationPlatforms) = preSolution
		Debug|Any CPU = Debug|Any CPU
		Release|Any CPU = Release|Any CPU
	EndGlobalSection
	GlobalSection(ProjectConfigurationPlatforms) = postSolution
		{3E030F89-F3B8-4689-AF2E-0B8FDB3982D0}.Debug|Any CPU.ActiveCfg = Debug|Any CPU
		{3E030F89-F3B8-4689-AF2E-0B8FDB3982D0}.Debug|Any CPU.Build.0 = Debug|Any CPU
		{3E030F89-F3B8-4689-AF2E-0B8FDB3982D0}.Release|Any CPU.ActiveCfg = Release|Any CPU
		{3E030F89-F3B8-4689-AF2E-0B8FDB3982D0}.Release|Any CPU.Build.0 = Release|Any CPU
		{6C6C3A3B-168B-4E27-A6E4-153EC3E7DF64}.Debug|Any CPU.ActiveCfg = Debug|Any CPU
		{6C6C3A3B-168B-4E27-A6E4-153EC3E7DF64}.Debug|Any CPU.Build.0 = Debug|Any CPU
		{6C6C3A3B-168B-4E27-A6E4-153EC3E7DF64}.Release|Any CPU.ActiveCfg = Release|Any CPU
		{6C6C3A3B-168B-4E27-A6E4-153EC3E7DF64}.Release|Any CPU.Build.0 = Release|Any CPU
		{943D7BEB-A22E-475A-9B07-7BD9F5E1C025}.Debug|Any CPU.ActiveCfg = Debug|Any CPU
		{943D7BEB-A22E-475A-9B07-7BD9F5E1C025}.Debug|Any CPU.Build.0 = Debug|Any CPU
		{943D7BEB-A22E-475A-9B07-7BD9F5E1C025}.Release|Any CPU.ActiveCfg = Release|Any CPU
		{943D7BEB-A22E-475A-9B07-7BD9F5E1C025}.Release|Any CPU.Build.0 = Release|Any CPU
	EndGlobalSection
	GlobalSection(SolutionProperties) = preSolution
		HideSolutionNode = FALSE
	EndGlobalSection
	GlobalSection(ExtensibilityGlobals) = postSolution
		SolutionGuid = {B260C4FD-DA64-4E69-8725-58CA5B484028}
	EndGlobalSection
EndGlobal
