
Microsoft Visual Studio Solution File, Format Version 12.00
# Visual Studio 15
VisualStudioVersion = 15.0.28307.438
MinimumVisualStudioVersion = 10.0.40219.1
Project("{FAE04EC0-301F-11D3-BF4B-00C04F79EFBC}") = "Discord_web", "Discord_web\Discord_web.csproj", "{B05D879B-89E0-4811-9F93-6BC0A5009209}"
EndProject
Global
	GlobalSection(SolutionConfigurationPlatforms) = preSolution
		Debug|Any CPU = Debug|Any CPU
		Release|Any CPU = Release|Any CPU
	EndGlobalSection
	GlobalSection(ProjectConfigurationPlatforms) = postSolution
		{B05D879B-89E0-4811-9F93-6BC0A5009209}.Debug|Any CPU.ActiveCfg = Debug|Any CPU
		{B05D879B-89E0-4811-9F93-6BC0A5009209}.Debug|Any CPU.Build.0 = Debug|Any CPU
		{B05D879B-89E0-4811-9F93-6BC0A5009209}.Release|Any CPU.ActiveCfg = Release|Any CPU
		{B05D879B-89E0-4811-9F93-6BC0A5009209}.Release|Any CPU.Build.0 = Release|Any CPU
	EndGlobalSection
	GlobalSection(SolutionProperties) = preSolution
		HideSolutionNode = FALSE
	EndGlobalSection
	GlobalSection(ExtensibilityGlobals) = postSolution
		SolutionGuid = {7ED0EA86-AB77-4AE5-93E0-4A95CD8F8989}
	EndGlobalSection
EndGlobal
