
Microsoft Visual Studio Solution File, Format Version 12.00
# Visual Studio 15
VisualStudioVersion = 15.0.28307.438
MinimumVisualStudioVersion = 10.0.40219.1
Project("{9A19103F-16F7-4668-BE54-9A1E7A4F7556}") = "API", "API\API.csproj", "{1D36E156-2B80-4D64-97D8-E8FA9FFD4BCA}"
EndProject
Global
	GlobalSection(SolutionConfigurationPlatforms) = preSolution
		Debug|Any CPU = Debug|Any CPU
		Release|Any CPU = Release|Any CPU
	EndGlobalSection
	GlobalSection(ProjectConfigurationPlatforms) = postSolution
		{1D36E156-2B80-4D64-97D8-E8FA9FFD4BCA}.Debug|Any CPU.ActiveCfg = Debug|Any CPU
		{1D36E156-2B80-4D64-97D8-E8FA9FFD4BCA}.Debug|Any CPU.Build.0 = Debug|Any CPU
		{1D36E156-2B80-4D64-97D8-E8FA9FFD4BCA}.Release|Any CPU.ActiveCfg = Release|Any CPU
		{1D36E156-2B80-4D64-97D8-E8FA9FFD4BCA}.Release|Any CPU.Build.0 = Release|Any CPU
	EndGlobalSection
	GlobalSection(SolutionProperties) = preSolution
		HideSolutionNode = FALSE
	EndGlobalSection
	GlobalSection(ExtensibilityGlobals) = postSolution
		SolutionGuid = {D3CDD345-4EC0-4850-97E5-33280F0B2BD8}
	EndGlobalSection
EndGlobal
